{
  "name": "koa4browser",
  "version": "1.0.2",
  "lockfileVersion": 2,
  "requires": true,
  "packages": {
    "": {
      "name": "koa4browser",
      "version": "1.0.2",
      "license": "ISC",
      "workspaces": [
        "../event-emitter",
        "../request4browser"
      ]
    },
    "../event-emitter": {
      "name": "event-emitter4browser",
      "version": "1.0.0",
      "license": "ISC"
    },
    "../request4browser": {
      "version": "1.0.1",
      "license": "ISC",
      "dependencies": {
        "event-emitter4browser": "^1.0.0"
      },
      "devDependencies": {}
    },
    "node_modules/event-emitter4browser": {
      "resolved": "../event-emitter",
      "link": true
    },
    "node_modules/request4browser": {
      "resolved": "../request4browser",
      "link": true
    }
  },
  "dependencies": {
    "event-emitter4browser": {
      "version": "file:../event-emitter"
    },
    "request4browser": {
      "version": "file:../request4browser",
      "requires": {
        "event-emitter4browser": "^1.0.0"
      }
    }
  }
}
