{
  "name": "koa4browser",
  "version": "1.0.0",
  "lockfileVersion": 2,
  "requires": true,
  "packages": {
    "": {
      "name": "koa4browser",
      "version": "1.0.0",
      "license": "ISC",
      "workspaces": [
        "../event-emitter"
      ]
    },
    "../event-emitter": {
      "version": "1.0.0",
      "license": "ISC"
    },
    "node_modules/event-emitter": {
      "resolved": "../event-emitter",
      "link": true
    }
  },
  "dependencies": {
    "event-emitter": {
      "version": "file:../event-emitter"
    }
  }
}
