{
  "name": "koa4browser",
  "version": "1.0.0",
  "lockfileVersion": 1,
  "requires": true,
  "dependencies": {
    "event-emitter4browser": {
      "version": "1.0.0",
      "resolved": "https://registry.npmjs.org/event-emitter4browser/-/event-emitter4browser-1.0.0.tgz",
      "integrity": "sha512-S2rWZTuhjZ1RdZd2l4mmufKBOdHB/HQepEtplW6217YVPXgRj/2mh3BgFYqegTsxe+c3DNHFjeoLnmbvHTOCyQ=="
    },
    "request4browser": {
      "version": "1.0.0",
      "resolved": "https://registry.npmjs.org/request4browser/-/request4browser-1.0.0.tgz",
      "integrity": "sha512-JjxtfmqJjGWvC9iP+Y0q/Sr4jPrLTBDl5QrJsJS9JrkPMHUeRgXLsAgmgYxnNRPH9TpatPzRmGXyn5a6b+f4EQ==",
      "requires": {
        "event-emitter4browser": "^1.0.0"
      }
    }
  }
}
